
Microsoft Visual Studio Solution File, Format Version 12.00
# Visual Studio 14
VisualStudioVersion = 14.0.25420.1
MinimumVisualStudioVersion = 10.0.40219.1
Project("{2150E333-8FDC-42A3-9474-1A3956D46DE8}") = "src", "src", "{2F1BA93C-6515-4EF8-A492-6F2895667544}"
EndProject
Project("{2150E333-8FDC-42A3-9474-1A3956D46DE8}") = "Solution Items", "Solution Items", "{948ECEEB-D9CD-4E21-AABA-197CB81F2B6A}"
	ProjectSection(SolutionItems) = preProject
		global.json = global.json
	EndProjectSection
EndProject
Project("{8BB2217D-0F2D-49D1-97BC-3654ED321F3B}") = "CodingTask", "src\CodingTask\CodingTask.xproj", "{56D8DB1C-1A3A-4984-AB07-8AA52C8984CE}"
EndProject
Global
	GlobalSection(SolutionConfigurationPlatforms) = preSolution
		Debug|Any CPU = Debug|Any CPU
		Release|Any CPU = Release|Any CPU
	EndGlobalSection
	GlobalSection(ProjectConfigurationPlatforms) = postSolution
		{56D8DB1C-1A3A-4984-AB07-8AA52C8984CE}.Debug|Any CPU.ActiveCfg = Debug|Any CPU
		{56D8DB1C-1A3A-4984-AB07-8AA52C8984CE}.Debug|Any CPU.Build.0 = Debug|Any CPU
		{56D8DB1C-1A3A-4984-AB07-8AA52C8984CE}.Release|Any CPU.ActiveCfg = Release|Any CPU
		{56D8DB1C-1A3A-4984-AB07-8AA52C8984CE}.Release|Any CPU.Build.0 = Release|Any CPU
	EndGlobalSection
	GlobalSection(SolutionProperties) = preSolution
		HideSolutionNode = FALSE
	EndGlobalSection
	GlobalSection(NestedProjects) = preSolution
		{56D8DB1C-1A3A-4984-AB07-8AA52C8984CE} = {2F1BA93C-6515-4EF8-A492-6F2895667544}
	EndGlobalSection
EndGlobal
